
Microsoft Visual Studio Solution File, Format Version 12.00
# Visual Studio Version 16
VisualStudioVersion = 16.0.30413.136
MinimumVisualStudioVersion = 10.0.40219.1
Project("{FAE04EC0-301F-11D3-BF4B-00C04F79EFBC}") = "71A_WeekOneChallenges", "71A_WeekOneChallenges\71A_WeekOneChallenges.csproj", "{C37C4903-2054-419E-BCE7-07E4D8CF1BD8}"
EndProject
Global
	GlobalSection(SolutionConfigurationPlatforms) = preSolution
		Debug|Any CPU = Debug|Any CPU
		Release|Any CPU = Release|Any CPU
	EndGlobalSection
	GlobalSection(ProjectConfigurationPlatforms) = postSolution
		{C37C4903-2054-419E-BCE7-07E4D8CF1BD8}.Debug|Any CPU.ActiveCfg = Debug|Any CPU
		{C37C4903-2054-419E-BCE7-07E4D8CF1BD8}.Debug|Any CPU.Build.0 = Debug|Any CPU
		{C37C4903-2054-419E-BCE7-07E4D8CF1BD8}.Release|Any CPU.ActiveCfg = Release|Any CPU
		{C37C4903-2054-419E-BCE7-07E4D8CF1BD8}.Release|Any CPU.Build.0 = Release|Any CPU
	EndGlobalSection
	GlobalSection(SolutionProperties) = preSolution
		HideSolutionNode = FALSE
	EndGlobalSection
	GlobalSection(ExtensibilityGlobals) = postSolution
		SolutionGuid = {9070190E-6652-4C99-A691-843FFB4EB3F4}
	EndGlobalSection
EndGlobal
